// !$*UTF8*$!
{
	archiveVersion = 1;
	classes = {
	};
	objectVersion = 56;
	objects = {

/* Begin PBXBuildFile section */
		8D3A36062D54CAD100416770 /* ToDosApp.swift in Sources */ = {isa = PBXBuildFile; fileRef = 8D3A36052D54CAD100416770 /* ToDosApp.swift */; };
		8D3A36082D54CAD100416770 /* ContentView.swift in Sources */ = {isa = PBXBuildFile; fileRef = 8D3A36072D54CAD100416770 /* ContentView.swift */; };
		8D3A360A2D54CAD200416770 /* Assets.xcassets in Resources */ = {isa = PBXBuildFile; fileRef = 8D3A36092D54CAD200416770 /* Assets.xcassets */; };
		8D3A360D2D54CAD200416770 /* Preview Assets.xcassets in Resources */ = {isa = PBXBuildFile; fileRef = 8D3A360C2D54CAD200416770 /* Preview Assets.xcassets */; };
		8D3A36172D54CAD200416770 /* ToDosTests.swift in Sources */ = {isa = PBXBuildFile; fileRef = 8D3A36162D54CAD200416770 /* ToDosTests.swift */; };
		8D3A36212D54CAD200416770 /* ToDosUITests.swift in Sources */ = {isa = PBXBuildFile; fileRef = 8D3A36202D54CAD200416770 /* ToDosUITests.swift */; };
		8D3A36232D54CAD200416770 /* ToDosUITestsLaunchTests.swift in Sources */ = {isa = PBXBuildFile; fileRef = 8D3A36222D54CAD200416770 /* ToDosUITestsLaunchTests.swift */; };
		8D3A36302D54CAF900416770 /* TodoItem.swift in Sources */ = {isa = PBXBuildFile; fileRef = 8D3A362F2D54CAF800416770 /* TodoItem.swift */; };
		8D3A36322D54CB1C00416770 /* TodoViewModel.swift in Sources */ = {isa = PBXBuildFile; fileRef = 8D3A36312D54CB1C00416770 /* TodoViewModel.swift */; };
/* End PBXBuildFile section */

/* Begin PBXContainerItemProxy section */
		8D3A36132D54CAD200416770 /* PBXContainerItemProxy */ = {
			isa = PBXContainerItemProxy;
			containerPortal = 8D3A35FA2D54CAD100416770 /* Project object */;
			proxyType = 1;
			remoteGlobalIDString = 8D3A36012D54CAD100416770;
			remoteInfo = ToDos;
		};
		8D3A361D2D54CAD200416770 /* PBXContainerItemProxy */ = {
			isa = PBXContainerItemProxy;
			containerPortal = 8D3A35FA2D54CAD100416770 /* Project object */;
			proxyType = 1;
			remoteGlobalIDString = 8D3A36012D54CAD100416770;
			remoteInfo = ToDos;
		};
/* End PBXContainerItemProxy section */

/* Begin PBXFileReference section */
		8D3A36022D54CAD100416770 /* ToDos.app */ = {isa = PBXFileReference; explicitFileType = wrapper.application; includeInIndex = 0; path = ToDos.app; sourceTree = BUILT_PRODUCTS_DIR; };
		8D3A36052D54CAD100416770 /* ToDosApp.swift */ = {isa = PBXFileReference; lastKnownFileType = sourcecode.swift; path = ToDosApp.swift; sourceTree = "<group>"; };
		8D3A36072D54CAD100416770 /* ContentView.swift */ = {isa = PBXFileReference; lastKnownFileType = sourcecode.swift; path = ContentView.swift; sourceTree = "<group>"; };
		8D3A36092D54CAD200416770 /* Assets.xcassets */ = {isa = PBXFileReference; lastKnownFileType = folder.assetcatalog; path = Assets.xcassets; sourceTree = "<group>"; };
		8D3A360C2D54CAD200416770 /* Preview Assets.xcassets */ = {isa = PBXFileReference; lastKnownFileType = folder.assetcatalog; path = "Preview Assets.xcassets"; sourceTree = "<group>"; };
		8D3A36122D54CAD200416770 /* ToDosTests.xctest */ = {isa = PBXFileReference; explicitFileType = wrapper.cfbundle; includeInIndex = 0; path = ToDosTests.xctest; sourceTree = BUILT_PRODUCTS_DIR; };
		8D3A36162D54CAD200416770 /* ToDosTests.swift */ = {isa = PBXFileReference; lastKnownFileType = sourcecode.swift; path = ToDosTests.swift; sourceTree = "<group>"; };
		8D3A361C2D54CAD200416770 /* ToDosUITests.xctest */ = {isa = PBXFileReference; explicitFileType = wrapper.cfbundle; includeInIndex = 0; path = ToDosUITests.xctest; sourceTree = BUILT_PRODUCTS_DIR; };
		8D3A36202D54CAD200416770 /* ToDosUITests.swift */ = {isa = PBXFileReference; lastKnownFileType = sourcecode.swift; path = ToDosUITests.swift; sourceTree = "<group>"; };
		8D3A36222D54CAD200416770 /* ToDosUITestsLaunchTests.swift */ = {isa = PBXFileReference; lastKnownFileType = sourcecode.swift; path = ToDosUITestsLaunchTests.swift; sourceTree = "<group>"; };
		8D3A362F2D54CAF800416770 /* TodoItem.swift */ = {isa = PBXFileReference; lastKnownFileType = sourcecode.swift; path = TodoItem.swift; sourceTree = "<group>"; };
		8D3A36312D54CB1C00416770 /* TodoViewModel.swift */ = {isa = PBXFileReference; lastKnownFileType = sourcecode.swift; path = TodoViewModel.swift; sourceTree = "<group>"; };
/* End PBXFileReference section */

/* Begin PBXFrameworksBuildPhase section */
		8D3A35FF2D54CAD100416770 /* Frameworks */ = {
			isa = PBXFrameworksBuildPhase;
			buildActionMask = 2147483647;
			files = (
			);
			runOnlyForDeploymentPostprocessing = 0;
		};
		8D3A360F2D54CAD200416770 /* Frameworks */ = {
			isa = PBXFrameworksBuildPhase;
			buildActionMask = 2147483647;
			files = (
			);
			runOnlyForDeploymentPostprocessing = 0;
		};
		8D3A36192D54CAD200416770 /* Frameworks */ = {
			isa = PBXFrameworksBuildPhase;
			buildActionMask = 2147483647;
			files = (
			);
			runOnlyForDeploymentPostprocessing = 0;
		};
/* End PBXFrameworksBuildPhase section */

/* Begin PBXGroup section */
		8D3A35F92D54CAD100416770 = {
			isa = PBXGroup;
			children = (
				8D3A36042D54CAD100416770 /* ToDos */,
				8D3A36152D54CAD200416770 /* ToDosTests */,
				8D3A361F2D54CAD200416770 /* ToDosUITests */,
				8D3A36032D54CAD100416770 /* Products */,
			);
			sourceTree = "<group>";
		};
		8D3A36032D54CAD100416770 /* Products */ = {
			isa = PBXGroup;
			children = (
				8D3A36022D54CAD100416770 /* ToDos.app */,
				8D3A36122D54CAD200416770 /* ToDosTests.xctest */,
				8D3A361C2D54CAD200416770 /* ToDosUITests.xctest */,
			);
			name = Products;
			sourceTree = "<group>";
		};
		8D3A36042D54CAD100416770 /* ToDos */ = {
			isa = PBXGroup;
			children = (
				8D3A36052D54CAD100416770 /* ToDosApp.swift */,
				8D3A36072D54CAD100416770 /* ContentView.swift */,
				8D3A36092D54CAD200416770 /* Assets.xcassets */,
				8D3A362F2D54CAF800416770 /* TodoItem.swift */,
				8D3A36312D54CB1C00416770 /* TodoViewModel.swift */,
				8D3A360B2D54CAD200416770 /* Preview Content */,
			);
			path = ToDos;
			sourceTree = "<group>";
		};
		8D3A360B2D54CAD200416770 /* Preview Content */ = {
			isa = PBXGroup;
			children = (
				8D3A360C2D54CAD200416770 /* Preview Assets.xcassets */,
			);
			path = "Preview Content";
			sourceTree = "<group>";
		};
		8D3A36152D54CAD200416770 /* ToDosTests */ = {
			isa = PBXGroup;
			children = (
				8D3A36162D54CAD200416770 /* ToDosTests.swift */,
			);
			path = ToDosTests;
			sourceTree = "<group>";
		};
		8D3A361F2D54CAD200416770 /* ToDosUITests */ = {
			isa = PBXGroup;
			children = (
				8D3A36202D54CAD200416770 /* ToDosUITests.swift */,
				8D3A36222D54CAD200416770 /* ToDosUITestsLaunchTests.swift */,
			);
			path = ToDosUITests;
			sourceTree = "<group>";
		};
/* End PBXGroup section */

/* Begin PBXNativeTarget section */
		8D3A36012D54CAD100416770 /* ToDos */ = {
			isa = PBXNativeTarget;
			buildConfigurationList = 8D3A36262D54CAD200416770 /* Build configuration list for PBXNativeTarget "ToDos" */;
			buildPhases = (
				8D3A35FE2D54CAD100416770 /* Sources */,
				8D3A35FF2D54CAD100416770 /* Frameworks */,
				8D3A36002D54CAD100416770 /* Resources */,
			);
			buildRules = (
			);
			dependencies = (
			);
			name = ToDos;
			productName = ToDos;
			productReference = 8D3A36022D54CAD100416770 /* ToDos.app */;
			productType = "com.apple.product-type.application";
		};
		8D3A36112D54CAD200416770 /* ToDosTests */ = {
			isa = PBXNativeTarget;
			buildConfigurationList = 8D3A36292D54CAD200416770 /* Build configuration list for PBXNativeTarget "ToDosTests" */;
			buildPhases = (
				8D3A360E2D54CAD200416770 /* Sources */,
				8D3A360F2D54CAD200416770 /* Frameworks */,
				8D3A36102D54CAD200416770 /* Resources */,
			);
			buildRules = (
			);
			dependencies = (
				8D3A36142D54CAD200416770 /* PBXTargetDependency */,
			);
			name = ToDosTests;
			productName = ToDosTests;
			productReference = 8D3A36122D54CAD200416770 /* ToDosTests.xctest */;
			productType = "com.apple.product-type.bundle.unit-test";
		};
		8D3A361B2D54CAD200416770 /* ToDosUITests */ = {
			isa = PBXNativeTarget;
			buildConfigurationList = 8D3A362C2D54CAD200416770 /* Build configuration list for PBXNativeTarget "ToDosUITests" */;
			buildPhases = (
				8D3A36182D54CAD200416770 /* Sources */,
				8D3A36192D54CAD200416770 /* Frameworks */,
				8D3A361A2D54CAD200416770 /* Resources */,
			);
			buildRules = (
			);
			dependencies = (
				8D3A361E2D54CAD200416770 /* PBXTargetDependency */,
			);
			name = ToDosUITests;
			productName = ToDosUITests;
			productReference = 8D3A361C2D54CAD200416770 /* ToDosUITests.xctest */;
			productType = "com.apple.product-type.bundle.ui-testing";
		};
/* End PBXNativeTarget section */

/* Begin PBXProject section */
		8D3A35FA2D54CAD100416770 /* Project object */ = {
			isa = PBXProject;
			attributes = {
				BuildIndependentTargetsInParallel = 1;
				LastSwiftUpdateCheck = 1540;
				LastUpgradeCheck = 1540;
				TargetAttributes = {
					8D3A36012D54CAD100416770 = {
						CreatedOnToolsVersion = 15.4;
					};
					8D3A36112D54CAD200416770 = {
						CreatedOnToolsVersion = 15.4;
						TestTargetID = 8D3A36012D54CAD100416770;
					};
					8D3A361B2D54CAD200416770 = {
						CreatedOnToolsVersion = 15.4;
						TestTargetID = 8D3A36012D54CAD100416770;
					};
				};
			};
			buildConfigurationList = 8D3A35FD2D54CAD100416770 /* Build configuration list for PBXProject "ToDos" */;
			compatibilityVersion = "Xcode 14.0";
			developmentRegion = en;
			hasScannedForEncodings = 0;
			knownRegions = (
				en,
				Base,
			);
			mainGroup = 8D3A35F92D54CAD100416770;
			productRefGroup = 8D3A36032D54CAD100416770 /* Products */;
			projectDirPath = "";
			projectRoot = "";
			targets = (
				8D3A36012D54CAD100416770 /* ToDos */,
				8D3A36112D54CAD200416770 /* ToDosTests */,
				8D3A361B2D54CAD200416770 /* ToDosUITests */,
			);
		};
/* End PBXProject section */

/* Begin PBXResourcesBuildPhase section */
		8D3A36002D54CAD100416770 /* Resources */ = {
			isa = PBXResourcesBuildPhase;
			buildActionMask = 2147483647;
			files = (
				8D3A360D2D54CAD200416770 /* Preview Assets.xcassets in Resources */,
				8D3A360A2D54CAD200416770 /* Assets.xcassets in Resources */,
			);
			runOnlyForDeploymentPostprocessing = 0;
		};
		8D3A36102D54CAD200416770 /* Resources */ = {
			isa = PBXResourcesBuildPhase;
			buildActionMask = 2147483647;
			files = (
			);
			runOnlyForDeploymentPostprocessing = 0;
		};
		8D3A361A2D54CAD200416770 /* Resources */ = {
			isa = PBXResourcesBuildPhase;
			buildActionMask = 2147483647;
			files = (
			);
			runOnlyForDeploymentPostprocessing = 0;
		};
/* End PBXResourcesBuildPhase section */

/* Begin PBXSourcesBuildPhase section */
		8D3A35FE2D54CAD100416770 /* Sources */ = {
			isa = PBXSourcesBuildPhase;
			buildActionMask = 2147483647;
			files = (
				8D3A36322D54CB1C00416770 /* TodoViewModel.swift in Sources */,
				8D3A36082D54CAD100416770 /* ContentView.swift in Sources */,
				8D3A36302D54CAF900416770 /* TodoItem.swift in Sources */,
				8D3A36062D54CAD100416770 /* ToDosApp.swift in Sources */,
			);
			runOnlyForDeploymentPostprocessing = 0;
		};
		8D3A360E2D54CAD200416770 /* Sources */ = {
			isa = PBXSourcesBuildPhase;
			buildActionMask = 2147483647;
			files = (
				8D3A36172D54CAD200416770 /* ToDosTests.swift in Sources */,
			);
			runOnlyForDeploymentPostprocessing = 0;
		};
		8D3A36182D54CAD200416770 /* Sources */ = {
			isa = PBXSourcesBuildPhase;
			buildActionMask = 2147483647;
			files = (
				8D3A36232D54CAD200416770 /* ToDosUITestsLaunchTests.swift in Sources */,
				8D3A36212D54CAD200416770 /* ToDosUITests.swift in Sources */,
			);
			runOnlyForDeploymentPostprocessing = 0;
		};
/* End PBXSourcesBuildPhase section */

/* Begin PBXTargetDependency section */
		8D3A36142D54CAD200416770 /* PBXTargetDependency */ = {
			isa = PBXTargetDependency;
			target = 8D3A36012D54CAD100416770 /* ToDos */;
			targetProxy = 8D3A36132D54CAD200416770 /* PBXContainerItemProxy */;
		};
		8D3A361E2D54CAD200416770 /* PBXTargetDependency */ = {
			isa = PBXTargetDependency;
			target = 8D3A36012D54CAD100416770 /* ToDos */;
			targetProxy = 8D3A361D2D54CAD200416770 /* PBXContainerItemProxy */;
		};
/* End PBXTargetDependency section */

/* Begin XCBuildConfiguration section */
		8D3A36242D54CAD200416770 /* Debug */ = {
			isa = XCBuildConfiguration;
			buildSettings = {
				ALWAYS_SEARCH_USER_PATHS = NO;
				ASSETCATALOG_COMPILER_GENERATE_SWIFT_ASSET_SYMBOL_EXTENSIONS = YES;
				CLANG_ANALYZER_NONNULL = YES;
				CLANG_ANALYZER_NUMBER_OBJECT_CONVERSION = YES_AGGRESSIVE;
				CLANG_CXX_LANGUAGE_STANDARD = "gnu++20";
				CLANG_ENABLE_MODULES = YES;
				CLANG_ENABLE_OBJC_ARC = YES;
				CLANG_ENABLE_OBJC_WEAK = YES;
				CLANG_WARN_BLOCK_CAPTURE_AUTORELEASING = YES;
				CLANG_WARN_BOOL_CONVERSION = YES;
				CLANG_WARN_COMMA = YES;
				CLANG_WARN_CONSTANT_CONVERSION = YES;
				CLANG_WARN_DEPRECATED_OBJC_IMPLEMENTATIONS = YES;
				CLANG_WARN_DIRECT_OBJC_ISA_USAGE = YES_ERROR;
				CLANG_WARN_DOCUMENTATION_COMMENTS = YES;
				CLANG_WARN_EMPTY_BODY = YES;
				CLANG_WARN_ENUM_CONVERSION = YES;
				CLANG_WARN_INFINITE_RECURSION = YES;
				CLANG_WARN_INT_CONVERSION = YES;
				CLANG_WARN_NON_LITERAL_NULL_CONVERSION = YES;
				CLANG_WARN_OBJC_IMPLICIT_RETAIN_SELF = YES;
				CLANG_WARN_OBJC_LITERAL_CONVERSION = YES;
				CLANG_WARN_OBJC_ROOT_CLASS = YES_ERROR;
				CLANG_WARN_QUOTED_INCLUDE_IN_FRAMEWORK_HEADER = YES;
				CLANG_WARN_RANGE_LOOP_ANALYSIS = YES;
				CLANG_WARN_STRICT_PROTOTYPES = YES;
				CLANG_WARN_SUSPICIOUS_MOVE = YES;
				CLANG_WARN_UNGUARDED_AVAILABILITY = YES_AGGRESSIVE;
				CLANG_WARN_UNREACHABLE_CODE = YES;
				CLANG_WARN__DUPLICATE_METHOD_MATCH = YES;
				COPY_PHASE_STRIP = NO;
				DEBUG_INFORMATION_FORMAT = dwarf;
				ENABLE_STRICT_OBJC_MSGSEND = YES;
				ENABLE_TESTABILITY = YES;
				ENABLE_USER_SCRIPT_SANDBOXING = YES;
				GCC_C_LANGUAGE_STANDARD = gnu17;
				GCC_DYNAMIC_NO_PIC = NO;
				GCC_NO_COMMON_BLOCKS = YES;
				GCC_OPTIMIZATION_LEVEL = 0;
				GCC_PREPROCESSOR_DEFINITIONS = (
					"DEBUG=1",
					"$(inherited)",
				);
				GCC_WARN_64_TO_32_BIT_CONVERSION = YES;
				GCC_WARN_ABOUT_RETURN_TYPE = YES_ERROR;
				GCC_WARN_UNDECLARED_SELECTOR = YES;
				GCC_WARN_UNINITIALIZED_AUTOS = YES_AGGRESSIVE;
				GCC_WARN_UNUSED_FUNCTION = YES;
				GCC_WARN_UNUSED_VARIABLE = YES;
				IPHONEOS_DEPLOYMENT_TARGET = 17.5;
				LOCALIZATION_PREFERS_STRING_CATALOGS = YES;
				MTL_ENABLE_DEBUG_INFO = INCLUDE_SOURCE;
				MTL_FAST_MATH = YES;
				ONLY_ACTIVE_ARCH = YES;
				SDKROOT = iphoneos;
				SWIFT_ACTIVE_COMPILATION_CONDITIONS = "DEBUG $(inherited)";
				SWIFT_OPTIMIZATION_LEVEL = "-Onone";
			};
			name = Debug;
		};
		8D3A36252D54CAD200416770 /* Release */ = {
			isa = XCBuildConfiguration;
			buildSettings = {
				ALWAYS_SEARCH_USER_PATHS = NO;
				ASSETCATALOG_COMPILER_GENERATE_SWIFT_ASSET_SYMBOL_EXTENSIONS = YES;
				CLANG_ANALYZER_NONNULL = YES;
				CLANG_ANALYZER_NUMBER_OBJECT_CONVERSION = YES_AGGRESSIVE;
				CLANG_CXX_LANGUAGE_STANDARD = "gnu++20";
				CLANG_ENABLE_MODULES = YES;
				CLANG_ENABLE_OBJC_ARC = YES;
				CLANG_ENABLE_OBJC_WEAK = YES;
				CLANG_WARN_BLOCK_CAPTURE_AUTORELEASING = YES;
				CLANG_WARN_BOOL_CONVERSION = YES;
				CLANG_WARN_COMMA = YES;
				CLANG_WARN_CONSTANT_CONVERSION = YES;
				CLANG_WARN_DEPRECATED_OBJC_IMPLEMENTATIONS = YES;
				CLANG_WARN_DIRECT_OBJC_ISA_USAGE = YES_ERROR;
				CLANG_WARN_DOCUMENTATION_COMMENTS = YES;
				CLANG_WARN_EMPTY_BODY = YES;
				CLANG_WARN_ENUM_CONVERSION = YES;
				CLANG_WARN_INFINITE_RECURSION = YES;
				CLANG_WARN_INT_CONVERSION = YES;
				CLANG_WARN_NON_LITERAL_NULL_CONVERSION = YES;
				CLANG_WARN_OBJC_IMPLICIT_RETAIN_SELF = YES;
				CLANG_WARN_OBJC_LITERAL_CONVERSION = YES;
				CLANG_WARN_OBJC_ROOT_CLASS = YES_ERROR;
				CLANG_WARN_QUOTED_INCLUDE_IN_FRAMEWORK_HEADER = YES;
				CLANG_WARN_RANGE_LOOP_ANALYSIS = YES;
				CLANG_WARN_STRICT_PROTOTYPES = YES;
				CLANG_WARN_SUSPICIOUS_MOVE = YES;
				CLANG_WARN_UNGUARDED_AVAILABILITY = YES_AGGRESSIVE;
				CLANG_WARN_UNREACHABLE_CODE = YES;
				CLANG_WARN__DUPLICATE_METHOD_MATCH = YES;
				COPY_PHASE_STRIP = NO;
				DEBUG_INFORMATION_FORMAT = "dwarf-with-dsym";
				ENABLE_NS_ASSERTIONS = NO;
				ENABLE_STRICT_OBJC_MSGSEND = YES;
				ENABLE_USER_SCRIPT_SANDBOXING = YES;
				GCC_C_LANGUAGE_STANDARD = gnu17;
				GCC_NO_COMMON_BLOCKS = YES;
				GCC_WARN_64_TO_32_BIT_CONVERSION = YES;
				GCC_WARN_ABOUT_RETURN_TYPE = YES_ERROR;
				GCC_WARN_UNDECLARED_SELECTOR = YES;
				GCC_WARN_UNINITIALIZED_AUTOS = YES_AGGRESSIVE;
				GCC_WARN_UNUSED_FUNCTION = YES;
				GCC_WARN_UNUSED_VARIABLE = YES;
				IPHONEOS_DEPLOYMENT_TARGET = 17.5;
				LOCALIZATION_PREFERS_STRING_CATALOGS = YES;
				MTL_ENABLE_DEBUG_INFO = NO;
				MTL_FAST_MATH = YES;
				SDKROOT = iphoneos;
				SWIFT_COMPILATION_MODE = wholemodule;
				VALIDATE_PRODUCT = YES;
			};
			name = Release;
		};
		8D3A36272D54CAD200416770 /* Debug */ = {
			isa = XCBuildConfiguration;
			buildSettings = {
				ASSETCATALOG_COMPILER_APPICON_NAME = AppIcon;
				ASSETCATALOG_COMPILER_GLOBAL_ACCENT_COLOR_NAME = AccentColor;
				CODE_SIGN_STYLE = Automatic;
				CURRENT_PROJECT_VERSION = 1;
				DEVELOPMENT_ASSET_PATHS = "\"ToDos/Preview Content\"";
				DEVELOPMENT_TEAM = 69AH5T36J9;
				ENABLE_PREVIEWS = YES;
				GENERATE_INFOPLIST_FILE = YES;
				INFOPLIST_KEY_UIApplicationSceneManifest_Generation = YES;
				INFOPLIST_KEY_UIApplicationSupportsIndirectInputEvents = YES;
				INFOPLIST_KEY_UILaunchScreen_Generation = YES;
				INFOPLIST_KEY_UISupportedInterfaceOrientations_iPad = "UIInterfaceOrientationPortrait UIInterfaceOrientationPortraitUpsideDown UIInterfaceOrientationLandscapeLeft UIInterfaceOrientationLandscapeRight";
				INFOPLIST_KEY_UISupportedInterfaceOrientations_iPhone = "UIInterfaceOrientationPortrait UIInterfaceOrientationLandscapeLeft UIInterfaceOrientationLandscapeRight";
				LD_RUNPATH_SEARCH_PATHS = (
					"$(inherited)",
					"@executable_path/Frameworks",
				);
				MARKETING_VERSION = 1.0;
				PRODUCT_BUNDLE_IDENTIFIER = Sir.ToDos;
				PRODUCT_NAME = "$(TARGET_NAME)";
				SWIFT_EMIT_LOC_STRINGS = YES;
				SWIFT_VERSION = 5.0;
				TARGETED_DEVICE_FAMILY = "1,2";
			};
			name = Debug;
		};
		8D3A36282D54CAD200416770 /* Release */ = {
			isa = XCBuildConfiguration;
			buildSettings = {
				ASSETCATALOG_COMPILER_APPICON_NAME = AppIcon;
				ASSETCATALOG_COMPILER_GLOBAL_ACCENT_COLOR_NAME = AccentColor;
				CODE_SIGN_STYLE = Automatic;
				CURRENT_PROJECT_VERSION = 1;
				DEVELOPMENT_ASSET_PATHS = "\"ToDos/Preview Content\"";
				DEVELOPMENT_TEAM = 69AH5T36J9;
				ENABLE_PREVIEWS = YES;
				GENERATE_INFOPLIST_FILE = YES;
				INFOPLIST_KEY_UIApplicationSceneManifest_Generation = YES;
				INFOPLIST_KEY_UIApplicationSupportsIndirectInputEvents = YES;
				INFOPLIST_KEY_UILaunchScreen_Generation = YES;
				INFOPLIST_KEY_UISupportedInterfaceOrientations_iPad = "UIInterfaceOrientationPortrait UIInterfaceOrientationPortraitUpsideDown UIInterfaceOrientationLandscapeLeft UIInterfaceOrientationLandscapeRight";
				INFOPLIST_KEY_UISupportedInterfaceOrientations_iPhone = "UIInterfaceOrientationPortrait UIInterfaceOrientationLandscapeLeft UIInterfaceOrientationLandscapeRight";
				LD_RUNPATH_SEARCH_PATHS = (
					"$(inherited)",
					"@executable_path/Frameworks",
				);
				MARKETING_VERSION = 1.0;
				PRODUCT_BUNDLE_IDENTIFIER = Sir.ToDos;
				PRODUCT_NAME = "$(TARGET_NAME)";
				SWIFT_EMIT_LOC_STRINGS = YES;
				SWIFT_VERSION = 5.0;
				TARGETED_DEVICE_FAMILY = "1,2";
			};
			name = Release;
		};
		8D3A362A2D54CAD200416770 /* Debug */ = {
			isa = XCBuildConfiguration;
			buildSettings = {
				ALWAYS_EMBED_SWIFT_STANDARD_LIBRARIES = YES;
				BUNDLE_LOADER = "$(TEST_HOST)";
				CODE_SIGN_STYLE = Automatic;
				CURRENT_PROJECT_VERSION = 1;
				DEVELOPMENT_TEAM = 69AH5T36J9;
				GENERATE_INFOPLIST_FILE = YES;
				IPHONEOS_DEPLOYMENT_TARGET = 17.5;
				MARKETING_VERSION = 1.0;
				PRODUCT_BUNDLE_IDENTIFIER = Sir.ToDosTests;
				PRODUCT_NAME = "$(TARGET_NAME)";
				SWIFT_EMIT_LOC_STRINGS = NO;
				SWIFT_VERSION = 5.0;
				TARGETED_DEVICE_FAMILY = "1,2";
				TEST_HOST = "$(BUILT_PRODUCTS_DIR)/ToDos.app/$(BUNDLE_EXECUTABLE_FOLDER_PATH)/ToDos";
			};
			name = Debug;
		};
		8D3A362B2D54CAD200416770 /* Release */ = {
			isa = XCBuildConfiguration;
			buildSettings = {
				ALWAYS_EMBED_SWIFT_STANDARD_LIBRARIES = YES;
				BUNDLE_LOADER = "$(TEST_HOST)";
				CODE_SIGN_STYLE = Automatic;
				CURRENT_PROJECT_VERSION = 1;
				DEVELOPMENT_TEAM = 69AH5T36J9;
				GENERATE_INFOPLIST_FILE = YES;
				IPHONEOS_DEPLOYMENT_TARGET = 17.5;
				MARKETING_VERSION = 1.0;
				PRODUCT_BUNDLE_IDENTIFIER = Sir.ToDosTests;
				PRODUCT_NAME = "$(TARGET_NAME)";
				SWIFT_EMIT_LOC_STRINGS = NO;
				SWIFT_VERSION = 5.0;
				TARGETED_DEVICE_FAMILY = "1,2";
				TEST_HOST = "$(BUILT_PRODUCTS_DIR)/ToDos.app/$(BUNDLE_EXECUTABLE_FOLDER_PATH)/ToDos";
			};
			name = Release;
		};
		8D3A362D2D54CAD200416770 /* Debug */ = {
			isa = XCBuildConfiguration;
			buildSettings = {
				ALWAYS_EMBED_SWIFT_STANDARD_LIBRARIES = YES;
				CODE_SIGN_STYLE = Automatic;
				CURRENT_PROJECT_VERSION = 1;
				DEVELOPMENT_TEAM = 69AH5T36J9;
				GENERATE_INFOPLIST_FILE = YES;
				MARKETING_VERSION = 1.0;
				PRODUCT_BUNDLE_IDENTIFIER = Sir.ToDosUITests;
				PRODUCT_NAME = "$(TARGET_NAME)";
				SWIFT_EMIT_LOC_STRINGS = NO;
				SWIFT_VERSION = 5.0;
				TARGETED_DEVICE_FAMILY = "1,2";
				TEST_TARGET_NAME = ToDos;
			};
			name = Debug;
		};
		8D3A362E2D54CAD200416770 /* Release */ = {
			isa = XCBuildConfiguration;
			buildSettings = {
				ALWAYS_EMBED_SWIFT_STANDARD_LIBRARIES = YES;
				CODE_SIGN_STYLE = Automatic;
				CURRENT_PROJECT_VERSION = 1;
				DEVELOPMENT_TEAM = 69AH5T36J9;
				GENERATE_INFOPLIST_FILE = YES;
				MARKETING_VERSION = 1.0;
				PRODUCT_BUNDLE_IDENTIFIER = Sir.ToDosUITests;
				PRODUCT_NAME = "$(TARGET_NAME)";
				SWIFT_EMIT_LOC_STRINGS = NO;
				SWIFT_VERSION = 5.0;
				TARGETED_DEVICE_FAMILY = "1,2";
				TEST_TARGET_NAME = ToDos;
			};
			name = Release;
		};
/* End XCBuildConfiguration section */

/* Begin XCConfigurationList section */
		8D3A35FD2D54CAD100416770 /* Build configuration list for PBXProject "ToDos" */ = {
			isa = XCConfigurationList;
			buildConfigurations = (
				8D3A36242D54CAD200416770 /* Debug */,
				8D3A36252D54CAD200416770 /* Release */,
			);
			defaultConfigurationIsVisible = 0;
			defaultConfigurationName = Release;
		};
		8D3A36262D54CAD200416770 /* Build configuration list for PBXNativeTarget "ToDos" */ = {
			isa = XCConfigurationList;
			buildConfigurations = (
				8D3A36272D54CAD200416770 /* Debug */,
				8D3A36282D54CAD200416770 /* Release */,
			);
			defaultConfigurationIsVisible = 0;
			defaultConfigurationName = Release;
		};
		8D3A36292D54CAD200416770 /* Build configuration list for PBXNativeTarget "ToDosTests" */ = {
			isa = XCConfigurationList;
			buildConfigurations = (
				8D3A362A2D54CAD200416770 /* Debug */,
				8D3A362B2D54CAD200416770 /* Release */,
			);
			defaultConfigurationIsVisible = 0;
			defaultConfigurationName = Release;
		};
		8D3A362C2D54CAD200416770 /* Build configuration list for PBXNativeTarget "ToDosUITests" */ = {
			isa = XCConfigurationList;
			buildConfigurations = (
				8D3A362D2D54CAD200416770 /* Debug */,
				8D3A362E2D54CAD200416770 /* Release */,
			);
			defaultConfigurationIsVisible = 0;
			defaultConfigurationName = Release;
		};
/* End XCConfigurationList section */
	};
	rootObject = 8D3A35FA2D54CAD100416770 /* Project object */;
}
