// !$*UTF8*$!
{
	archiveVersion = 1;
	classes = {
	};
	objectVersion = 56;
	objects = {

/* Begin PBXBuildFile section */
		8D3A36402D54D0BE00416770 /* FetchdateApp.swift in Sources */ = {isa = PBXBuildFile; fileRef = 8D3A363F2D54D0BE00416770 /* FetchdateApp.swift */; };
		8D3A36422D54D0BE00416770 /* ContentView.swift in Sources */ = {isa = PBXBuildFile; fileRef = 8D3A36412D54D0BE00416770 /* ContentView.swift */; };
		8D3A36442D54D0BF00416770 /* Assets.xcassets in Resources */ = {isa = PBXBuildFile; fileRef = 8D3A36432D54D0BF00416770 /* Assets.xcassets */; };
		8D3A36472D54D0BF00416770 /* Preview Assets.xcassets in Resources */ = {isa = PBXBuildFile; fileRef = 8D3A36462D54D0BF00416770 /* Preview Assets.xcassets */; };
		8D3A366B2D54D57F00416770 /* Model.swift in Sources */ = {isa = PBXBuildFile; fileRef = 8D3A366A2D54D57F00416770 /* Model.swift */; };
		8D3A366D2D54D59D00416770 /* PostsViewModel.swift in Sources */ = {isa = PBXBuildFile; fileRef = 8D3A366C2D54D59D00416770 /* PostsViewModel.swift */; };
/* End PBXBuildFile section */

/* Begin PBXContainerItemProxy section */
		8D3A364D2D54D0C000416770 /* PBXContainerItemProxy */ = {
			isa = PBXContainerItemProxy;
			containerPortal = 8D3A36342D54D0BE00416770 /* Project object */;
			proxyType = 1;
			remoteGlobalIDString = 8D3A363B2D54D0BE00416770;
			remoteInfo = Fetchdate;
		};
		8D3A36572D54D0C000416770 /* PBXContainerItemProxy */ = {
			isa = PBXContainerItemProxy;
			containerPortal = 8D3A36342D54D0BE00416770 /* Project object */;
			proxyType = 1;
			remoteGlobalIDString = 8D3A363B2D54D0BE00416770;
			remoteInfo = Fetchdate;
		};
/* End PBXContainerItemProxy section */

/* Begin PBXFileReference section */
		8D3A363C2D54D0BE00416770 /* Fetchdate.app */ = {isa = PBXFileReference; explicitFileType = wrapper.application; includeInIndex = 0; path = Fetchdate.app; sourceTree = BUILT_PRODUCTS_DIR; };
		8D3A363F2D54D0BE00416770 /* FetchdateApp.swift */ = {isa = PBXFileReference; lastKnownFileType = sourcecode.swift; path = FetchdateApp.swift; sourceTree = "<group>"; };
		8D3A36412D54D0BE00416770 /* ContentView.swift */ = {isa = PBXFileReference; lastKnownFileType = sourcecode.swift; path = ContentView.swift; sourceTree = "<group>"; };
		8D3A36432D54D0BF00416770 /* Assets.xcassets */ = {isa = PBXFileReference; lastKnownFileType = folder.assetcatalog; path = Assets.xcassets; sourceTree = "<group>"; };
		8D3A36462D54D0BF00416770 /* Preview Assets.xcassets */ = {isa = PBXFileReference; lastKnownFileType = folder.assetcatalog; path = "Preview Assets.xcassets"; sourceTree = "<group>"; };
		8D3A364C2D54D0C000416770 /* FetchdateTests.xctest */ = {isa = PBXFileReference; explicitFileType = wrapper.cfbundle; includeInIndex = 0; path = FetchdateTests.xctest; sourceTree = BUILT_PRODUCTS_DIR; };
		8D3A36562D54D0C000416770 /* FetchdateUITests.xctest */ = {isa = PBXFileReference; explicitFileType = wrapper.cfbundle; includeInIndex = 0; path = FetchdateUITests.xctest; sourceTree = BUILT_PRODUCTS_DIR; };
		8D3A366A2D54D57F00416770 /* Model.swift */ = {isa = PBXFileReference; lastKnownFileType = sourcecode.swift; path = Model.swift; sourceTree = "<group>"; };
		8D3A366C2D54D59D00416770 /* PostsViewModel.swift */ = {isa = PBXFileReference; lastKnownFileType = sourcecode.swift; path = PostsViewModel.swift; sourceTree = "<group>"; };
/* End PBXFileReference section */

/* Begin PBXFrameworksBuildPhase section */
		8D3A36392D54D0BE00416770 /* Frameworks */ = {
			isa = PBXFrameworksBuildPhase;
			buildActionMask = 2147483647;
			files = (
			);
			runOnlyForDeploymentPostprocessing = 0;
		};
		8D3A36492D54D0C000416770 /* Frameworks */ = {
			isa = PBXFrameworksBuildPhase;
			buildActionMask = 2147483647;
			files = (
			);
			runOnlyForDeploymentPostprocessing = 0;
		};
		8D3A36532D54D0C000416770 /* Frameworks */ = {
			isa = PBXFrameworksBuildPhase;
			buildActionMask = 2147483647;
			files = (
			);
			runOnlyForDeploymentPostprocessing = 0;
		};
/* End PBXFrameworksBuildPhase section */

/* Begin PBXGroup section */
		8D3A36332D54D0BE00416770 = {
			isa = PBXGroup;
			children = (
				8D3A363E2D54D0BE00416770 /* Fetchdate */,
				8D3A363D2D54D0BE00416770 /* Products */,
			);
			sourceTree = "<group>";
		};
		8D3A363D2D54D0BE00416770 /* Products */ = {
			isa = PBXGroup;
			children = (
				8D3A363C2D54D0BE00416770 /* Fetchdate.app */,
				8D3A364C2D54D0C000416770 /* FetchdateTests.xctest */,
				8D3A36562D54D0C000416770 /* FetchdateUITests.xctest */,
			);
			name = Products;
			sourceTree = "<group>";
		};
		8D3A363E2D54D0BE00416770 /* Fetchdate */ = {
			isa = PBXGroup;
			children = (
				8D3A363F2D54D0BE00416770 /* FetchdateApp.swift */,
				8D3A36412D54D0BE00416770 /* ContentView.swift */,
				8D3A366C2D54D59D00416770 /* PostsViewModel.swift */,
				8D3A36692D54D56000416770 /* model */,
				8D3A36432D54D0BF00416770 /* Assets.xcassets */,
				8D3A36452D54D0BF00416770 /* Preview Content */,
			);
			path = Fetchdate;
			sourceTree = "<group>";
		};
		8D3A36452D54D0BF00416770 /* Preview Content */ = {
			isa = PBXGroup;
			children = (
				8D3A36462D54D0BF00416770 /* Preview Assets.xcassets */,
			);
			path = "Preview Content";
			sourceTree = "<group>";
		};
		8D3A36692D54D56000416770 /* model */ = {
			isa = PBXGroup;
			children = (
				8D3A366A2D54D57F00416770 /* Model.swift */,
			);
			path = model;
			sourceTree = "<group>";
		};
/* End PBXGroup section */

/* Begin PBXNativeTarget section */
		8D3A363B2D54D0BE00416770 /* Fetchdate */ = {
			isa = PBXNativeTarget;
			buildConfigurationList = 8D3A36602D54D0C000416770 /* Build configuration list for PBXNativeTarget "Fetchdate" */;
			buildPhases = (
				8D3A36382D54D0BE00416770 /* Sources */,
				8D3A36392D54D0BE00416770 /* Frameworks */,
				8D3A363A2D54D0BE00416770 /* Resources */,
			);
			buildRules = (
			);
			dependencies = (
			);
			name = Fetchdate;
			productName = Fetchdate;
			productReference = 8D3A363C2D54D0BE00416770 /* Fetchdate.app */;
			productType = "com.apple.product-type.application";
		};
		8D3A364B2D54D0C000416770 /* FetchdateTests */ = {
			isa = PBXNativeTarget;
			buildConfigurationList = 8D3A36632D54D0C000416770 /* Build configuration list for PBXNativeTarget "FetchdateTests" */;
			buildPhases = (
				8D3A36482D54D0C000416770 /* Sources */,
				8D3A36492D54D0C000416770 /* Frameworks */,
				8D3A364A2D54D0C000416770 /* Resources */,
			);
			buildRules = (
			);
			dependencies = (
				8D3A364E2D54D0C000416770 /* PBXTargetDependency */,
			);
			name = FetchdateTests;
			productName = FetchdateTests;
			productReference = 8D3A364C2D54D0C000416770 /* FetchdateTests.xctest */;
			productType = "com.apple.product-type.bundle.unit-test";
		};
		8D3A36552D54D0C000416770 /* FetchdateUITests */ = {
			isa = PBXNativeTarget;
			buildConfigurationList = 8D3A36662D54D0C000416770 /* Build configuration list for PBXNativeTarget "FetchdateUITests" */;
			buildPhases = (
				8D3A36522D54D0C000416770 /* Sources */,
				8D3A36532D54D0C000416770 /* Frameworks */,
				8D3A36542D54D0C000416770 /* Resources */,
			);
			buildRules = (
			);
			dependencies = (
				8D3A36582D54D0C000416770 /* PBXTargetDependency */,
			);
			name = FetchdateUITests;
			productName = FetchdateUITests;
			productReference = 8D3A36562D54D0C000416770 /* FetchdateUITests.xctest */;
			productType = "com.apple.product-type.bundle.ui-testing";
		};
/* End PBXNativeTarget section */

/* Begin PBXProject section */
		8D3A36342D54D0BE00416770 /* Project object */ = {
			isa = PBXProject;
			attributes = {
				BuildIndependentTargetsInParallel = 1;
				LastSwiftUpdateCheck = 1540;
				LastUpgradeCheck = 1540;
				TargetAttributes = {
					8D3A363B2D54D0BE00416770 = {
						CreatedOnToolsVersion = 15.4;
					};
					8D3A364B2D54D0C000416770 = {
						CreatedOnToolsVersion = 15.4;
						TestTargetID = 8D3A363B2D54D0BE00416770;
					};
					8D3A36552D54D0C000416770 = {
						CreatedOnToolsVersion = 15.4;
						TestTargetID = 8D3A363B2D54D0BE00416770;
					};
				};
			};
			buildConfigurationList = 8D3A36372D54D0BE00416770 /* Build configuration list for PBXProject "Fetchdate" */;
			compatibilityVersion = "Xcode 14.0";
			developmentRegion = en;
			hasScannedForEncodings = 0;
			knownRegions = (
				en,
				Base,
			);
			mainGroup = 8D3A36332D54D0BE00416770;
			productRefGroup = 8D3A363D2D54D0BE00416770 /* Products */;
			projectDirPath = "";
			projectRoot = "";
			targets = (
				8D3A363B2D54D0BE00416770 /* Fetchdate */,
				8D3A364B2D54D0C000416770 /* FetchdateTests */,
				8D3A36552D54D0C000416770 /* FetchdateUITests */,
			);
		};
/* End PBXProject section */

/* Begin PBXResourcesBuildPhase section */
		8D3A363A2D54D0BE00416770 /* Resources */ = {
			isa = PBXResourcesBuildPhase;
			buildActionMask = 2147483647;
			files = (
				8D3A36472D54D0BF00416770 /* Preview Assets.xcassets in Resources */,
				8D3A36442D54D0BF00416770 /* Assets.xcassets in Resources */,
			);
			runOnlyForDeploymentPostprocessing = 0;
		};
		8D3A364A2D54D0C000416770 /* Resources */ = {
			isa = PBXResourcesBuildPhase;
			buildActionMask = 2147483647;
			files = (
			);
			runOnlyForDeploymentPostprocessing = 0;
		};
		8D3A36542D54D0C000416770 /* Resources */ = {
			isa = PBXResourcesBuildPhase;
			buildActionMask = 2147483647;
			files = (
			);
			runOnlyForDeploymentPostprocessing = 0;
		};
/* End PBXResourcesBuildPhase section */

/* Begin PBXSourcesBuildPhase section */
		8D3A36382D54D0BE00416770 /* Sources */ = {
			isa = PBXSourcesBuildPhase;
			buildActionMask = 2147483647;
			files = (
				8D3A366D2D54D59D00416770 /* PostsViewModel.swift in Sources */,
				8D3A366B2D54D57F00416770 /* Model.swift in Sources */,
				8D3A36422D54D0BE00416770 /* ContentView.swift in Sources */,
				8D3A36402D54D0BE00416770 /* FetchdateApp.swift in Sources */,
			);
			runOnlyForDeploymentPostprocessing = 0;
		};
		8D3A36482D54D0C000416770 /* Sources */ = {
			isa = PBXSourcesBuildPhase;
			buildActionMask = 2147483647;
			files = (
			);
			runOnlyForDeploymentPostprocessing = 0;
		};
		8D3A36522D54D0C000416770 /* Sources */ = {
			isa = PBXSourcesBuildPhase;
			buildActionMask = 2147483647;
			files = (
			);
			runOnlyForDeploymentPostprocessing = 0;
		};
/* End PBXSourcesBuildPhase section */

/* Begin PBXTargetDependency section */
		8D3A364E2D54D0C000416770 /* PBXTargetDependency */ = {
			isa = PBXTargetDependency;
			target = 8D3A363B2D54D0BE00416770 /* Fetchdate */;
			targetProxy = 8D3A364D2D54D0C000416770 /* PBXContainerItemProxy */;
		};
		8D3A36582D54D0C000416770 /* PBXTargetDependency */ = {
			isa = PBXTargetDependency;
			target = 8D3A363B2D54D0BE00416770 /* Fetchdate */;
			targetProxy = 8D3A36572D54D0C000416770 /* PBXContainerItemProxy */;
		};
/* End PBXTargetDependency section */

/* Begin XCBuildConfiguration section */
		8D3A365E2D54D0C000416770 /* Debug */ = {
			isa = XCBuildConfiguration;
			buildSettings = {
				ALWAYS_SEARCH_USER_PATHS = NO;
				ASSETCATALOG_COMPILER_GENERATE_SWIFT_ASSET_SYMBOL_EXTENSIONS = YES;
				CLANG_ANALYZER_NONNULL = YES;
				CLANG_ANALYZER_NUMBER_OBJECT_CONVERSION = YES_AGGRESSIVE;
				CLANG_CXX_LANGUAGE_STANDARD = "gnu++20";
				CLANG_ENABLE_MODULES = YES;
				CLANG_ENABLE_OBJC_ARC = YES;
				CLANG_ENABLE_OBJC_WEAK = YES;
				CLANG_WARN_BLOCK_CAPTURE_AUTORELEASING = YES;
				CLANG_WARN_BOOL_CONVERSION = YES;
				CLANG_WARN_COMMA = YES;
				CLANG_WARN_CONSTANT_CONVERSION = YES;
				CLANG_WARN_DEPRECATED_OBJC_IMPLEMENTATIONS = YES;
				CLANG_WARN_DIRECT_OBJC_ISA_USAGE = YES_ERROR;
				CLANG_WARN_DOCUMENTATION_COMMENTS = YES;
				CLANG_WARN_EMPTY_BODY = YES;
				CLANG_WARN_ENUM_CONVERSION = YES;
				CLANG_WARN_INFINITE_RECURSION = YES;
				CLANG_WARN_INT_CONVERSION = YES;
				CLANG_WARN_NON_LITERAL_NULL_CONVERSION = YES;
				CLANG_WARN_OBJC_IMPLICIT_RETAIN_SELF = YES;
				CLANG_WARN_OBJC_LITERAL_CONVERSION = YES;
				CLANG_WARN_OBJC_ROOT_CLASS = YES_ERROR;
				CLANG_WARN_QUOTED_INCLUDE_IN_FRAMEWORK_HEADER = YES;
				CLANG_WARN_RANGE_LOOP_ANALYSIS = YES;
				CLANG_WARN_STRICT_PROTOTYPES = YES;
				CLANG_WARN_SUSPICIOUS_MOVE = YES;
				CLANG_WARN_UNGUARDED_AVAILABILITY = YES_AGGRESSIVE;
				CLANG_WARN_UNREACHABLE_CODE = YES;
				CLANG_WARN__DUPLICATE_METHOD_MATCH = YES;
				COPY_PHASE_STRIP = NO;
				DEBUG_INFORMATION_FORMAT = dwarf;
				ENABLE_STRICT_OBJC_MSGSEND = YES;
				ENABLE_TESTABILITY = YES;
				ENABLE_USER_SCRIPT_SANDBOXING = YES;
				GCC_C_LANGUAGE_STANDARD = gnu17;
				GCC_DYNAMIC_NO_PIC = NO;
				GCC_NO_COMMON_BLOCKS = YES;
				GCC_OPTIMIZATION_LEVEL = 0;
				GCC_PREPROCESSOR_DEFINITIONS = (
					"DEBUG=1",
					"$(inherited)",
				);
				GCC_WARN_64_TO_32_BIT_CONVERSION = YES;
				GCC_WARN_ABOUT_RETURN_TYPE = YES_ERROR;
				GCC_WARN_UNDECLARED_SELECTOR = YES;
				GCC_WARN_UNINITIALIZED_AUTOS = YES_AGGRESSIVE;
				GCC_WARN_UNUSED_FUNCTION = YES;
				GCC_WARN_UNUSED_VARIABLE = YES;
				IPHONEOS_DEPLOYMENT_TARGET = 17.5;
				LOCALIZATION_PREFERS_STRING_CATALOGS = YES;
				MTL_ENABLE_DEBUG_INFO = INCLUDE_SOURCE;
				MTL_FAST_MATH = YES;
				ONLY_ACTIVE_ARCH = YES;
				SDKROOT = iphoneos;
				SWIFT_ACTIVE_COMPILATION_CONDITIONS = "DEBUG $(inherited)";
				SWIFT_OPTIMIZATION_LEVEL = "-Onone";
			};
			name = Debug;
		};
		8D3A365F2D54D0C000416770 /* Release */ = {
			isa = XCBuildConfiguration;
			buildSettings = {
				ALWAYS_SEARCH_USER_PATHS = NO;
				ASSETCATALOG_COMPILER_GENERATE_SWIFT_ASSET_SYMBOL_EXTENSIONS = YES;
				CLANG_ANALYZER_NONNULL = YES;
				CLANG_ANALYZER_NUMBER_OBJECT_CONVERSION = YES_AGGRESSIVE;
				CLANG_CXX_LANGUAGE_STANDARD = "gnu++20";
				CLANG_ENABLE_MODULES = YES;
				CLANG_ENABLE_OBJC_ARC = YES;
				CLANG_ENABLE_OBJC_WEAK = YES;
				CLANG_WARN_BLOCK_CAPTURE_AUTORELEASING = YES;
				CLANG_WARN_BOOL_CONVERSION = YES;
				CLANG_WARN_COMMA = YES;
				CLANG_WARN_CONSTANT_CONVERSION = YES;
				CLANG_WARN_DEPRECATED_OBJC_IMPLEMENTATIONS = YES;
				CLANG_WARN_DIRECT_OBJC_ISA_USAGE = YES_ERROR;
				CLANG_WARN_DOCUMENTATION_COMMENTS = YES;
				CLANG_WARN_EMPTY_BODY = YES;
				CLANG_WARN_ENUM_CONVERSION = YES;
				CLANG_WARN_INFINITE_RECURSION = YES;
				CLANG_WARN_INT_CONVERSION = YES;
				CLANG_WARN_NON_LITERAL_NULL_CONVERSION = YES;
				CLANG_WARN_OBJC_IMPLICIT_RETAIN_SELF = YES;
				CLANG_WARN_OBJC_LITERAL_CONVERSION = YES;
				CLANG_WARN_OBJC_ROOT_CLASS = YES_ERROR;
				CLANG_WARN_QUOTED_INCLUDE_IN_FRAMEWORK_HEADER = YES;
				CLANG_WARN_RANGE_LOOP_ANALYSIS = YES;
				CLANG_WARN_STRICT_PROTOTYPES = YES;
				CLANG_WARN_SUSPICIOUS_MOVE = YES;
				CLANG_WARN_UNGUARDED_AVAILABILITY = YES_AGGRESSIVE;
				CLANG_WARN_UNREACHABLE_CODE = YES;
				CLANG_WARN__DUPLICATE_METHOD_MATCH = YES;
				COPY_PHASE_STRIP = NO;
				DEBUG_INFORMATION_FORMAT = "dwarf-with-dsym";
				ENABLE_NS_ASSERTIONS = NO;
				ENABLE_STRICT_OBJC_MSGSEND = YES;
				ENABLE_USER_SCRIPT_SANDBOXING = YES;
				GCC_C_LANGUAGE_STANDARD = gnu17;
				GCC_NO_COMMON_BLOCKS = YES;
				GCC_WARN_64_TO_32_BIT_CONVERSION = YES;
				GCC_WARN_ABOUT_RETURN_TYPE = YES_ERROR;
				GCC_WARN_UNDECLARED_SELECTOR = YES;
				GCC_WARN_UNINITIALIZED_AUTOS = YES_AGGRESSIVE;
				GCC_WARN_UNUSED_FUNCTION = YES;
				GCC_WARN_UNUSED_VARIABLE = YES;
				IPHONEOS_DEPLOYMENT_TARGET = 17.5;
				LOCALIZATION_PREFERS_STRING_CATALOGS = YES;
				MTL_ENABLE_DEBUG_INFO = NO;
				MTL_FAST_MATH = YES;
				SDKROOT = iphoneos;
				SWIFT_COMPILATION_MODE = wholemodule;
				VALIDATE_PRODUCT = YES;
			};
			name = Release;
		};
		8D3A36612D54D0C000416770 /* Debug */ = {
			isa = XCBuildConfiguration;
			buildSettings = {
				ASSETCATALOG_COMPILER_APPICON_NAME = AppIcon;
				ASSETCATALOG_COMPILER_GLOBAL_ACCENT_COLOR_NAME = AccentColor;
				CODE_SIGN_STYLE = Automatic;
				CURRENT_PROJECT_VERSION = 1;
				DEVELOPMENT_ASSET_PATHS = "\"Fetchdate/Preview Content\"";
				DEVELOPMENT_TEAM = 69AH5T36J9;
				ENABLE_PREVIEWS = YES;
				GENERATE_INFOPLIST_FILE = YES;
				INFOPLIST_KEY_UIApplicationSceneManifest_Generation = YES;
				INFOPLIST_KEY_UIApplicationSupportsIndirectInputEvents = YES;
				INFOPLIST_KEY_UILaunchScreen_Generation = YES;
				INFOPLIST_KEY_UISupportedInterfaceOrientations_iPad = "UIInterfaceOrientationPortrait UIInterfaceOrientationPortraitUpsideDown UIInterfaceOrientationLandscapeLeft UIInterfaceOrientationLandscapeRight";
				INFOPLIST_KEY_UISupportedInterfaceOrientations_iPhone = "UIInterfaceOrientationPortrait UIInterfaceOrientationLandscapeLeft UIInterfaceOrientationLandscapeRight";
				LD_RUNPATH_SEARCH_PATHS = (
					"$(inherited)",
					"@executable_path/Frameworks",
				);
				MARKETING_VERSION = 1.0;
				PRODUCT_BUNDLE_IDENTIFIER = Sir.Fetchdate;
				PRODUCT_NAME = "$(TARGET_NAME)";
				SWIFT_EMIT_LOC_STRINGS = YES;
				SWIFT_VERSION = 5.0;
				TARGETED_DEVICE_FAMILY = "1,2";
			};
			name = Debug;
		};
		8D3A36622D54D0C000416770 /* Release */ = {
			isa = XCBuildConfiguration;
			buildSettings = {
				ASSETCATALOG_COMPILER_APPICON_NAME = AppIcon;
				ASSETCATALOG_COMPILER_GLOBAL_ACCENT_COLOR_NAME = AccentColor;
				CODE_SIGN_STYLE = Automatic;
				CURRENT_PROJECT_VERSION = 1;
				DEVELOPMENT_ASSET_PATHS = "\"Fetchdate/Preview Content\"";
				DEVELOPMENT_TEAM = 69AH5T36J9;
				ENABLE_PREVIEWS = YES;
				GENERATE_INFOPLIST_FILE = YES;
				INFOPLIST_KEY_UIApplicationSceneManifest_Generation = YES;
				INFOPLIST_KEY_UIApplicationSupportsIndirectInputEvents = YES;
				INFOPLIST_KEY_UILaunchScreen_Generation = YES;
				INFOPLIST_KEY_UISupportedInterfaceOrientations_iPad = "UIInterfaceOrientationPortrait UIInterfaceOrientationPortraitUpsideDown UIInterfaceOrientationLandscapeLeft UIInterfaceOrientationLandscapeRight";
				INFOPLIST_KEY_UISupportedInterfaceOrientations_iPhone = "UIInterfaceOrientationPortrait UIInterfaceOrientationLandscapeLeft UIInterfaceOrientationLandscapeRight";
				LD_RUNPATH_SEARCH_PATHS = (
					"$(inherited)",
					"@executable_path/Frameworks",
				);
				MARKETING_VERSION = 1.0;
				PRODUCT_BUNDLE_IDENTIFIER = Sir.Fetchdate;
				PRODUCT_NAME = "$(TARGET_NAME)";
				SWIFT_EMIT_LOC_STRINGS = YES;
				SWIFT_VERSION = 5.0;
				TARGETED_DEVICE_FAMILY = "1,2";
			};
			name = Release;
		};
		8D3A36642D54D0C000416770 /* Debug */ = {
			isa = XCBuildConfiguration;
			buildSettings = {
				ALWAYS_EMBED_SWIFT_STANDARD_LIBRARIES = YES;
				BUNDLE_LOADER = "$(TEST_HOST)";
				CODE_SIGN_STYLE = Automatic;
				CURRENT_PROJECT_VERSION = 1;
				DEVELOPMENT_TEAM = 69AH5T36J9;
				GENERATE_INFOPLIST_FILE = YES;
				IPHONEOS_DEPLOYMENT_TARGET = 17.5;
				MARKETING_VERSION = 1.0;
				PRODUCT_BUNDLE_IDENTIFIER = Sir.FetchdateTests;
				PRODUCT_NAME = "$(TARGET_NAME)";
				SWIFT_EMIT_LOC_STRINGS = NO;
				SWIFT_VERSION = 5.0;
				TARGETED_DEVICE_FAMILY = "1,2";
				TEST_HOST = "$(BUILT_PRODUCTS_DIR)/Fetchdate.app/$(BUNDLE_EXECUTABLE_FOLDER_PATH)/Fetchdate";
			};
			name = Debug;
		};
		8D3A36652D54D0C000416770 /* Release */ = {
			isa = XCBuildConfiguration;
			buildSettings = {
				ALWAYS_EMBED_SWIFT_STANDARD_LIBRARIES = YES;
				BUNDLE_LOADER = "$(TEST_HOST)";
				CODE_SIGN_STYLE = Automatic;
				CURRENT_PROJECT_VERSION = 1;
				DEVELOPMENT_TEAM = 69AH5T36J9;
				GENERATE_INFOPLIST_FILE = YES;
				IPHONEOS_DEPLOYMENT_TARGET = 17.5;
				MARKETING_VERSION = 1.0;
				PRODUCT_BUNDLE_IDENTIFIER = Sir.FetchdateTests;
				PRODUCT_NAME = "$(TARGET_NAME)";
				SWIFT_EMIT_LOC_STRINGS = NO;
				SWIFT_VERSION = 5.0;
				TARGETED_DEVICE_FAMILY = "1,2";
				TEST_HOST = "$(BUILT_PRODUCTS_DIR)/Fetchdate.app/$(BUNDLE_EXECUTABLE_FOLDER_PATH)/Fetchdate";
			};
			name = Release;
		};
		8D3A36672D54D0C000416770 /* Debug */ = {
			isa = XCBuildConfiguration;
			buildSettings = {
				ALWAYS_EMBED_SWIFT_STANDARD_LIBRARIES = YES;
				CODE_SIGN_STYLE = Automatic;
				CURRENT_PROJECT_VERSION = 1;
				DEVELOPMENT_TEAM = 69AH5T36J9;
				GENERATE_INFOPLIST_FILE = YES;
				MARKETING_VERSION = 1.0;
				PRODUCT_BUNDLE_IDENTIFIER = Sir.FetchdateUITests;
				PRODUCT_NAME = "$(TARGET_NAME)";
				SWIFT_EMIT_LOC_STRINGS = NO;
				SWIFT_VERSION = 5.0;
				TARGETED_DEVICE_FAMILY = "1,2";
				TEST_TARGET_NAME = Fetchdate;
			};
			name = Debug;
		};
		8D3A36682D54D0C000416770 /* Release */ = {
			isa = XCBuildConfiguration;
			buildSettings = {
				ALWAYS_EMBED_SWIFT_STANDARD_LIBRARIES = YES;
				CODE_SIGN_STYLE = Automatic;
				CURRENT_PROJECT_VERSION = 1;
				DEVELOPMENT_TEAM = 69AH5T36J9;
				GENERATE_INFOPLIST_FILE = YES;
				MARKETING_VERSION = 1.0;
				PRODUCT_BUNDLE_IDENTIFIER = Sir.FetchdateUITests;
				PRODUCT_NAME = "$(TARGET_NAME)";
				SWIFT_EMIT_LOC_STRINGS = NO;
				SWIFT_VERSION = 5.0;
				TARGETED_DEVICE_FAMILY = "1,2";
				TEST_TARGET_NAME = Fetchdate;
			};
			name = Release;
		};
/* End XCBuildConfiguration section */

/* Begin XCConfigurationList section */
		8D3A36372D54D0BE00416770 /* Build configuration list for PBXProject "Fetchdate" */ = {
			isa = XCConfigurationList;
			buildConfigurations = (
				8D3A365E2D54D0C000416770 /* Debug */,
				8D3A365F2D54D0C000416770 /* Release */,
			);
			defaultConfigurationIsVisible = 0;
			defaultConfigurationName = Release;
		};
		8D3A36602D54D0C000416770 /* Build configuration list for PBXNativeTarget "Fetchdate" */ = {
			isa = XCConfigurationList;
			buildConfigurations = (
				8D3A36612D54D0C000416770 /* Debug */,
				8D3A36622D54D0C000416770 /* Release */,
			);
			defaultConfigurationIsVisible = 0;
			defaultConfigurationName = Release;
		};
		8D3A36632D54D0C000416770 /* Build configuration list for PBXNativeTarget "FetchdateTests" */ = {
			isa = XCConfigurationList;
			buildConfigurations = (
				8D3A36642D54D0C000416770 /* Debug */,
				8D3A36652D54D0C000416770 /* Release */,
			);
			defaultConfigurationIsVisible = 0;
			defaultConfigurationName = Release;
		};
		8D3A36662D54D0C000416770 /* Build configuration list for PBXNativeTarget "FetchdateUITests" */ = {
			isa = XCConfigurationList;
			buildConfigurations = (
				8D3A36672D54D0C000416770 /* Debug */,
				8D3A36682D54D0C000416770 /* Release */,
			);
			defaultConfigurationIsVisible = 0;
			defaultConfigurationName = Release;
		};
/* End XCConfigurationList section */
	};
	rootObject = 8D3A36342D54D0BE00416770 /* Project object */;
}
